
Microsoft Visual Studio Solution File, Format Version 12.00
# Visual Studio 14
VisualStudioVersion = 14.0.25420.1
MinimumVisualStudioVersion = 10.0.40219.1
Project("{8BC9CEB8-8B4A-11D0-8D11-00A0C91BC942}") = "ZeGotoControlCenter", "ZeGotoControlCenter\ZeGotoControlCenter.vcxproj", "{B12702AD-ABFB-343A-A199-8E24837244A3}"
EndProject
Project("{FAE04EC0-301F-11D3-BF4B-00C04F79EFBC}") = "ASCOM_Server", "ASCOM_Server\ASCOM_Server.csproj", "{303736AC-226B-46A0-8895-AA75064A9CB9}"
EndProject
Project("{FAE04EC0-301F-11D3-BF4B-00C04F79EFBC}") = "ASCOM_Driver", "ASCOM_Driver\ASCOM_Driver.csproj", "{FCCA7EC4-D883-4523-ABD5-0B5326A16793}"
EndProject
Project("{8BC9CEB8-8B4A-11D0-8D11-00A0C91BC942}") = "HIDAPI", "HIDAPI\HIDAPI.vcxproj", "{64A9D9B6-41B6-44D2-9A87-BEC845386252}"
EndProject
Global
	GlobalSection(SolutionConfigurationPlatforms) = preSolution
		Debug|Any CPU = Debug|Any CPU
		Debug|x64 = Debug|x64
		Debug|x86 = Debug|x86
		Release|Any CPU = Release|Any CPU
		Release|x64 = Release|x64
		Release|x86 = Release|x86
	EndGlobalSection
	GlobalSection(ProjectConfigurationPlatforms) = postSolution
		{B12702AD-ABFB-343A-A199-8E24837244A3}.Debug|Any CPU.ActiveCfg = Debug|Win32
		{B12702AD-ABFB-343A-A199-8E24837244A3}.Debug|x64.ActiveCfg = Debug|x64
		{B12702AD-ABFB-343A-A199-8E24837244A3}.Debug|x64.Build.0 = Debug|x64
		{B12702AD-ABFB-343A-A199-8E24837244A3}.Debug|x86.ActiveCfg = Debug|Win32
		{B12702AD-ABFB-343A-A199-8E24837244A3}.Debug|x86.Build.0 = Debug|Win32
		{B12702AD-ABFB-343A-A199-8E24837244A3}.Release|Any CPU.ActiveCfg = Release|Win32
		{B12702AD-ABFB-343A-A199-8E24837244A3}.Release|x64.ActiveCfg = Release|x64
		{B12702AD-ABFB-343A-A199-8E24837244A3}.Release|x64.Build.0 = Release|x64
		{B12702AD-ABFB-343A-A199-8E24837244A3}.Release|x86.ActiveCfg = Release|Win32
		{B12702AD-ABFB-343A-A199-8E24837244A3}.Release|x86.Build.0 = Release|Win32
		{303736AC-226B-46A0-8895-AA75064A9CB9}.Debug|Any CPU.ActiveCfg = Debug|Any CPU
		{303736AC-226B-46A0-8895-AA75064A9CB9}.Debug|Any CPU.Build.0 = Debug|Any CPU
		{303736AC-226B-46A0-8895-AA75064A9CB9}.Debug|x64.ActiveCfg = Debug|Any CPU
		{303736AC-226B-46A0-8895-AA75064A9CB9}.Debug|x64.Build.0 = Debug|Any CPU
		{303736AC-226B-46A0-8895-AA75064A9CB9}.Debug|x86.ActiveCfg = Debug|Any CPU
		{303736AC-226B-46A0-8895-AA75064A9CB9}.Debug|x86.Build.0 = Debug|Any CPU
		{303736AC-226B-46A0-8895-AA75064A9CB9}.Release|Any CPU.ActiveCfg = Release|Any CPU
		{303736AC-226B-46A0-8895-AA75064A9CB9}.Release|Any CPU.Build.0 = Release|Any CPU
		{303736AC-226B-46A0-8895-AA75064A9CB9}.Release|x64.ActiveCfg = Release|Any CPU
		{303736AC-226B-46A0-8895-AA75064A9CB9}.Release|x64.Build.0 = Release|Any CPU
		{303736AC-226B-46A0-8895-AA75064A9CB9}.Release|x86.ActiveCfg = Release|Any CPU
		{303736AC-226B-46A0-8895-AA75064A9CB9}.Release|x86.Build.0 = Release|Any CPU
		{FCCA7EC4-D883-4523-ABD5-0B5326A16793}.Debug|Any CPU.ActiveCfg = Debug|Any CPU
		{FCCA7EC4-D883-4523-ABD5-0B5326A16793}.Debug|Any CPU.Build.0 = Debug|Any CPU
		{FCCA7EC4-D883-4523-ABD5-0B5326A16793}.Debug|x64.ActiveCfg = Debug|Any CPU
		{FCCA7EC4-D883-4523-ABD5-0B5326A16793}.Debug|x64.Build.0 = Debug|Any CPU
		{FCCA7EC4-D883-4523-ABD5-0B5326A16793}.Debug|x86.ActiveCfg = Debug|Any CPU
		{FCCA7EC4-D883-4523-ABD5-0B5326A16793}.Debug|x86.Build.0 = Debug|Any CPU
		{FCCA7EC4-D883-4523-ABD5-0B5326A16793}.Release|Any CPU.ActiveCfg = Release|Any CPU
		{FCCA7EC4-D883-4523-ABD5-0B5326A16793}.Release|Any CPU.Build.0 = Release|Any CPU
		{FCCA7EC4-D883-4523-ABD5-0B5326A16793}.Release|x64.ActiveCfg = Release|Any CPU
		{FCCA7EC4-D883-4523-ABD5-0B5326A16793}.Release|x64.Build.0 = Release|Any CPU
		{FCCA7EC4-D883-4523-ABD5-0B5326A16793}.Release|x86.ActiveCfg = Release|Any CPU
		{FCCA7EC4-D883-4523-ABD5-0B5326A16793}.Release|x86.Build.0 = Release|Any CPU
		{64A9D9B6-41B6-44D2-9A87-BEC845386252}.Debug|Any CPU.ActiveCfg = Debug|Win32
		{64A9D9B6-41B6-44D2-9A87-BEC845386252}.Debug|x64.ActiveCfg = Debug|x64
		{64A9D9B6-41B6-44D2-9A87-BEC845386252}.Debug|x64.Build.0 = Debug|x64
		{64A9D9B6-41B6-44D2-9A87-BEC845386252}.Debug|x86.ActiveCfg = Debug|Win32
		{64A9D9B6-41B6-44D2-9A87-BEC845386252}.Debug|x86.Build.0 = Debug|Win32
		{64A9D9B6-41B6-44D2-9A87-BEC845386252}.Release|Any CPU.ActiveCfg = Release|Win32
		{64A9D9B6-41B6-44D2-9A87-BEC845386252}.Release|x64.ActiveCfg = Release|x64
		{64A9D9B6-41B6-44D2-9A87-BEC845386252}.Release|x64.Build.0 = Release|x64
		{64A9D9B6-41B6-44D2-9A87-BEC845386252}.Release|x86.ActiveCfg = Release|Win32
		{64A9D9B6-41B6-44D2-9A87-BEC845386252}.Release|x86.Build.0 = Release|Win32
	EndGlobalSection
	GlobalSection(SolutionProperties) = preSolution
		HideSolutionNode = FALSE
	EndGlobalSection
EndGlobal
